
Microsoft Visual Studio Solution File, Format Version 12.00
# Visual Studio Version 17
VisualStudioVersion = 17.5.33424.131
MinimumVisualStudioVersion = 10.0.40219.1
Project("{8BC9CEB8-8B4A-11D0-8D11-00A0C91BC942}") = "Week06", "Week06\Week06.vcxproj", "{1D9227C5-CB68-401C-8B0C-E159962BD4D1}"
EndProject
Global
	GlobalSection(SolutionConfigurationPlatforms) = preSolution
		Debug|x64 = Debug|x64
		Debug|x86 = Debug|x86
		Release|x64 = Release|x64
		Release|x86 = Release|x86
	EndGlobalSection
	GlobalSection(ProjectConfigurationPlatforms) = postSolution
		{1D9227C5-CB68-401C-8B0C-E159962BD4D1}.Debug|x64.ActiveCfg = Debug|x64
		{1D9227C5-CB68-401C-8B0C-E159962BD4D1}.Debug|x64.Build.0 = Debug|x64
		{1D9227C5-CB68-401C-8B0C-E159962BD4D1}.Debug|x86.ActiveCfg = Debug|Win32
		{1D9227C5-CB68-401C-8B0C-E159962BD4D1}.Debug|x86.Build.0 = Debug|Win32
		{1D9227C5-CB68-401C-8B0C-E159962BD4D1}.Release|x64.ActiveCfg = Release|x64
		{1D9227C5-CB68-401C-8B0C-E159962BD4D1}.Release|x64.Build.0 = Release|x64
		{1D9227C5-CB68-401C-8B0C-E159962BD4D1}.Release|x86.ActiveCfg = Release|Win32
		{1D9227C5-CB68-401C-8B0C-E159962BD4D1}.Release|x86.Build.0 = Release|Win32
	EndGlobalSection
	GlobalSection(SolutionProperties) = preSolution
		HideSolutionNode = FALSE
	EndGlobalSection
	GlobalSection(ExtensibilityGlobals) = postSolution
		SolutionGuid = {1F09D200-009B-430B-9130-E664228A0EA1}
	EndGlobalSection
EndGlobal
